
Microsoft Visual Studio Solution File, Format Version 12.00
# Visual Studio 14
VisualStudioVersion = 14.0.25420.1
MinimumVisualStudioVersion = 10.0.40219.1
Project("{FAE04EC0-301F-11D3-BF4B-00C04F79EFBC}") = "Publisher", "ConsoleApplication3\Publisher.csproj", "{DC660990-C3D7-4557-A1CD-7E024BB28F62}"
EndProject
Project("{FAE04EC0-301F-11D3-BF4B-00C04F79EFBC}") = "Contract", "Contract\Contract.csproj", "{62093C06-61BD-4F81-A8E3-5D3324872726}"
EndProject
Project("{FAE04EC0-301F-11D3-BF4B-00C04F79EFBC}") = "Consumer", "Consumer\Consumer.csproj", "{32980331-3B4D-4A71-8674-2B05E9BE496D}"
EndProject
Global
	GlobalSection(SolutionConfigurationPlatforms) = preSolution
		Debug|Any CPU = Debug|Any CPU
		Release|Any CPU = Release|Any CPU
	EndGlobalSection
	GlobalSection(ProjectConfigurationPlatforms) = postSolution
		{DC660990-C3D7-4557-A1CD-7E024BB28F62}.Debug|Any CPU.ActiveCfg = Debug|Any CPU
		{DC660990-C3D7-4557-A1CD-7E024BB28F62}.Debug|Any CPU.Build.0 = Debug|Any CPU
		{DC660990-C3D7-4557-A1CD-7E024BB28F62}.Release|Any CPU.ActiveCfg = Release|Any CPU
		{DC660990-C3D7-4557-A1CD-7E024BB28F62}.Release|Any CPU.Build.0 = Release|Any CPU
		{62093C06-61BD-4F81-A8E3-5D3324872726}.Debug|Any CPU.ActiveCfg = Debug|Any CPU
		{62093C06-61BD-4F81-A8E3-5D3324872726}.Debug|Any CPU.Build.0 = Debug|Any CPU
		{62093C06-61BD-4F81-A8E3-5D3324872726}.Release|Any CPU.ActiveCfg = Release|Any CPU
		{62093C06-61BD-4F81-A8E3-5D3324872726}.Release|Any CPU.Build.0 = Release|Any CPU
		{32980331-3B4D-4A71-8674-2B05E9BE496D}.Debug|Any CPU.ActiveCfg = Debug|Any CPU
		{32980331-3B4D-4A71-8674-2B05E9BE496D}.Debug|Any CPU.Build.0 = Debug|Any CPU
		{32980331-3B4D-4A71-8674-2B05E9BE496D}.Release|Any CPU.ActiveCfg = Release|Any CPU
		{32980331-3B4D-4A71-8674-2B05E9BE496D}.Release|Any CPU.Build.0 = Release|Any CPU
	EndGlobalSection
	GlobalSection(SolutionProperties) = preSolution
		HideSolutionNode = FALSE
	EndGlobalSection
EndGlobal
